
Microsoft Visual Studio Solution File, Format Version 12.00
# Visual Studio Version 16
VisualStudioVersion = 16.0.29609.76
MinimumVisualStudioVersion = 10.0.40219.1
Project("{9A19103F-16F7-4668-BE54-9A1E7A4F7556}") = "api-leads", "api-leads\api-leads.csproj", "{2986D5E9-E852-4342-BBE1-D85B2216D99F}"
EndProject
Project("{9A19103F-16F7-4668-BE54-9A1E7A4F7556}") = "XUnitLeadsProject", "XUnitLeadsProject\XUnitLeadsProject.csproj", "{B1A4F035-4F68-49AA-B9CB-16475C49893A}"
EndProject
Global
	GlobalSection(SolutionConfigurationPlatforms) = preSolution
		Debug|Any CPU = Debug|Any CPU
		Release|Any CPU = Release|Any CPU
	EndGlobalSection
	GlobalSection(ProjectConfigurationPlatforms) = postSolution
		{2986D5E9-E852-4342-BBE1-D85B2216D99F}.Debug|Any CPU.ActiveCfg = Debug|Any CPU
		{2986D5E9-E852-4342-BBE1-D85B2216D99F}.Debug|Any CPU.Build.0 = Debug|Any CPU
		{2986D5E9-E852-4342-BBE1-D85B2216D99F}.Release|Any CPU.ActiveCfg = Release|Any CPU
		{2986D5E9-E852-4342-BBE1-D85B2216D99F}.Release|Any CPU.Build.0 = Release|Any CPU
		{B1A4F035-4F68-49AA-B9CB-16475C49893A}.Debug|Any CPU.ActiveCfg = Debug|Any CPU
		{B1A4F035-4F68-49AA-B9CB-16475C49893A}.Debug|Any CPU.Build.0 = Debug|Any CPU
		{B1A4F035-4F68-49AA-B9CB-16475C49893A}.Release|Any CPU.ActiveCfg = Release|Any CPU
		{B1A4F035-4F68-49AA-B9CB-16475C49893A}.Release|Any CPU.Build.0 = Release|Any CPU
	EndGlobalSection
	GlobalSection(SolutionProperties) = preSolution
		HideSolutionNode = FALSE
	EndGlobalSection
	GlobalSection(ExtensibilityGlobals) = postSolution
		SolutionGuid = {81F67325-E2A1-41A2-85ED-6B38DA8DCA95}
	EndGlobalSection
EndGlobal
